lockfileVersion: 5.3

specifiers:
  fs-extra: ^11.2.0

dependencies:
  fs-extra: 11.2.0

packages:

  /fs-extra/11.2.0:
    resolution: {integrity: sha1-5w4X361kIyKH0BkpOZ4Op8hrDls=, tarball: fs-extra/download/fs-extra-11.2.0.tgz}
    engines: {node: '>=14.14'}
    dependencies:
      graceful-fs: 4.2.11
      jsonfile: 6.1.0
      universalify: 2.0.1
    dev: false

  /graceful-fs/4.2.11:
    resolution: {integrity: sha1-QYPk6L8Iu24Fu7L30uDI9xLKQOM=, tarball: graceful-fs/download/graceful-fs-4.2.11.tgz}
    dev: false

  /jsonfile/6.1.0:
    resolution: {integrity: sha1-vFWyY0eTxnnsZAMJTrE2mKbsCq4=, tarball: jsonfile/download/jsonfile-6.1.0.tgz}
    dependencies:
      universalify: 2.0.1
    optionalDependencies:
      graceful-fs: 4.2.11
    dev: false

  /universalify/2.0.1:
    resolution: {integrity: sha1-Fo78IYCWTmOG0GHglN9hr+I5sY0=, tarball: universalify/download/universalify-2.0.1.tgz}
    engines: {node: '>= 10.0.0'}
    dev: false
