lockfileVersion: 5.3

specifiers:
  tsup: ^6.5.0
  typescript: ^5.3.3
  vite: ^5.0.11

dependencies:
  tsup: 6.7.0_typescript@5.3.3
  typescript: 5.3.3
  vite: 5.0.11

packages:

  /@esbuild/aix-ppc64/0.19.11:
    resolution: {integrity: sha1-Ks0gvm1PBFi8jHhBA0lf8k8TsdM=, tarball: '@esbuild/aix-ppc64/download/@esbuild/aix-ppc64-0.19.11.tgz'}
    engines: {node: '>=12'}
    cpu: [ppc64]
    os: [aix]
    requiresBuild: true
    dev: false
    optional: true

  /@esbuild/android-arm/0.17.19:
    resolution: {integrity: sha1-WJj3gywimLx9CrU3AcV763TXi00=, tarball: '@esbuild/android-arm/download/@esbuild/android-arm-0.17.19.tgz'}
    engines: {node: '>=12'}
    cpu: [arm]
    os: [android]
    requiresBuild: true
    dev: false
    optional: true

  /@esbuild/android-arm/0.19.11:
    resolution: {integrity: sha1-9G9VQU4cNhSsaCspl3eSExI4Fkw=, tarball: '@esbuild/android-arm/download/@esbuild/android-arm-0.19.11.tgz'}
    engines: {node: '>=12'}
    cpu: [arm]
    os: [android]
    requiresBuild: true
    dev: false
    optional: true

  /@esbuild/android-arm64/0.17.19:
    resolution: {integrity: sha1-uvt1I0pdPRtpDnwpVqWZNF6Eov0=, tarball: '@esbuild/android-arm64/download/@esbuild/android-arm64-0.17.19.tgz'}
    engines: {node: '>=12'}
    cpu: [arm64]
    os: [android]
    requiresBuild: true
    dev: false
    optional: true

  /@esbuild/android-arm64/0.19.11:
    resolution: {integrity: sha1-tF0AABc4XJBRpPA+FweKu5Nb4iA=, tarball: '@esbuild/android-arm64/download/@esbuild/android-arm64-0.19.11.tgz'}
    engines: {node: '>=12'}
    cpu: [arm64]
    os: [android]
    requiresBuild: true
    dev: false
    optional: true

  /@esbuild/android-x64/0.17.19:
    resolution: {integrity: sha1-ZYNo75IGeGbZX7JocZ+Y82PROuE=, tarball: '@esbuild/android-x64/download/@esbuild/android-x64-0.17.19.tgz'}
    engines: {node: '>=12'}
    cpu: [x64]
    os: [android]
    requiresBuild: true
    dev: false
    optional: true

  /@esbuild/android-x64/0.19.11:
    resolution: {integrity: sha1-v8AekXQLggEe9QPEj1SJUIJJIrI=, tarball: '@esbuild/android-x64/download/@esbuild/android-x64-0.19.11.tgz'}
    engines: {node: '>=12'}
    cpu: [x64]
    os: [android]
    requiresBuild: true
    dev: false
    optional: true

  /@esbuild/darwin-arm64/0.17.19:
    resolution: {integrity: sha1-WEw0xZkbldTUjTMzALGk4v974nY=, tarball: '@esbuild/darwin-arm64/download/@esbuild/darwin-arm64-0.17.19.tgz'}
    engines: {node: '>=12'}
    cpu: [arm64]
    os: [darwin]
    requiresBuild: true
    dev: false
    optional: true

  /@esbuild/darwin-arm64/0.19.11:
    resolution: {integrity: sha1-Uz+39aCMNxIdgsZhmCY9zBvtKb8=, tarball: '@esbuild/darwin-arm64/download/@esbuild/darwin-arm64-0.19.11.tgz'}
    engines: {node: '>=12'}
    cpu: [arm64]
    os: [darwin]
    requiresBuild: true
    dev: false
    optional: true

  /@esbuild/darwin-x64/0.17.19:
    resolution: {integrity: sha1-d1HSNt/mzhNszjQ9zmn1LXa39ss=, tarball: '@esbuild/darwin-x64/download/@esbuild/darwin-x64-0.17.19.tgz'}
    engines: {node: '>=12'}
    cpu: [x64]
    os: [darwin]
    requiresBuild: true
    dev: false
    optional: true

  /@esbuild/darwin-x64/0.19.11:
    resolution: {integrity: sha1-YvOBnv9+Tdxla3xoFaMc+aHn2Y4=, tarball: '@esbuild/darwin-x64/download/@esbuild/darwin-x64-0.19.11.tgz'}
    engines: {node: '>=12'}
    cpu: [x64]
    os: [darwin]
    requiresBuild: true
    dev: false
    optional: true

  /@esbuild/freebsd-arm64/0.17.19:
    resolution: {integrity: sha1-ys0XFmXdHVAPRcFn1QxrflOdX9I=, tarball: '@esbuild/freebsd-arm64/download/@esbuild/freebsd-arm64-0.17.19.tgz'}
    engines: {node: '>=12'}
    cpu: [arm64]
    os: [freebsd]
    requiresBuild: true
    dev: false
    optional: true

  /@esbuild/freebsd-arm64/0.19.11:
    resolution: {integrity: sha1-1Hi0GVqjykQWAnLauF74uvQXW0o=, tarball: '@esbuild/freebsd-arm64/download/@esbuild/freebsd-arm64-0.19.11.tgz'}
    engines: {node: '>=12'}
    cpu: [arm64]
    os: [freebsd]
    requiresBuild: true
    dev: false
    optional: true

  /@esbuild/freebsd-x64/0.17.19:
    resolution: {integrity: sha1-B2lFbu4qCLjZJdfAC3noYcsxYuQ=, tarball: '@esbuild/freebsd-x64/download/@esbuild/freebsd-x64-0.17.19.tgz'}
    engines: {node: '>=12'}
    cpu: [x64]
    os: [freebsd]
    requiresBuild: true
    dev: false
    optional: true

  /@esbuild/freebsd-x64/0.19.11:
    resolution: {integrity: sha1-e9zBkXQJF4JXymoaJ/4G55fsGKI=, tarball: '@esbuild/freebsd-x64/download/@esbuild/freebsd-x64-0.19.11.tgz'}
    engines: {node: '>=12'}
    cpu: [x64]
    os: [freebsd]
    requiresBuild: true
    dev: false
    optional: true

  /@esbuild/linux-arm/0.17.19:
    resolution: {integrity: sha1-GizTmcUAQBhKgFF0ptiQl9nRVZo=, tarball: '@esbuild/linux-arm/download/@esbuild/linux-arm-0.17.19.tgz'}
    engines: {node: '>=12'}
    cpu: [arm]
    os: [linux]
    requiresBuild: true
    dev: false
    optional: true

  /@esbuild/linux-arm/0.19.11:
    resolution: {integrity: sha1-zoIkbYc7VTTTTeHlwbMwJvNeYOM=, tarball: '@esbuild/linux-arm/download/@esbuild/linux-arm-0.19.11.tgz'}
    engines: {node: '>=12'}
    cpu: [arm]
    os: [linux]
    requiresBuild: true
    dev: false
    optional: true

  /@esbuild/linux-arm64/0.17.19:
    resolution: {integrity: sha1-OOFi7Lcjhixr4cJ9Y4n0iWC2jts=, tarball: '@esbuild/linux-arm64/download/@esbuild/linux-arm64-0.17.19.tgz'}
    engines: {node: '>=12'}
    cpu: [arm64]
    os: [linux]
    requiresBuild: true
    dev: false
    optional: true

  /@esbuild/linux-arm64/0.19.11:
    resolution: {integrity: sha1-WK1P8RaF/Mc11/9Mp1mrGPz+RUU=, tarball: '@esbuild/linux-arm64/download/@esbuild/linux-arm64-0.19.11.tgz'}
    engines: {node: '>=12'}
    cpu: [arm64]
    os: [linux]
    requiresBuild: true
    dev: false
    optional: true

  /@esbuild/linux-ia32/0.17.19:
    resolution: {integrity: sha1-4owlJmsDbOHKvKPDAVUiKEHcA1o=, tarball: '@esbuild/linux-ia32/download/@esbuild/linux-ia32-0.17.19.tgz'}
    engines: {node: '>=12'}
    cpu: [ia32]
    os: [linux]
    requiresBuild: true
    dev: false
    optional: true

  /@esbuild/linux-ia32/0.19.11:
    resolution: {integrity: sha1-y64fMTIJr/x0uA9DkMTDXGq4P6Q=, tarball: '@esbuild/linux-ia32/download/@esbuild/linux-ia32-0.19.11.tgz'}
    engines: {node: '>=12'}
    cpu: [ia32]
    os: [linux]
    requiresBuild: true
    dev: false
    optional: true

  /@esbuild/linux-loong64/0.17.19:
    resolution: {integrity: sha1-D4h7i7P5BljRoBFyg+VdvUydz3I=, tarball: '@esbuild/linux-loong64/download/@esbuild/linux-loong64-0.17.19.tgz'}
    engines: {node: '>=12'}
    cpu: [loong64]
    os: [linux]
    requiresBuild: true
    dev: false
    optional: true

  /@esbuild/linux-loong64/0.19.11:
    resolution: {integrity: sha1-XzKurRw+yPTMzbftCLFmIk1OkSE=, tarball: '@esbuild/linux-loong64/download/@esbuild/linux-loong64-0.19.11.tgz'}
    engines: {node: '>=12'}
    cpu: [loong64]
    os: [linux]
    requiresBuild: true
    dev: false
    optional: true

  /@esbuild/linux-mips64el/0.17.19:
    resolution: {integrity: sha1-9dKguAR+qaXZ9ZKheOoFQFOnAok=, tarball: '@esbuild/linux-mips64el/download/@esbuild/linux-mips64el-0.17.19.tgz'}
    engines: {node: '>=12'}
    cpu: [mips64el]
    os: [linux]
    requiresBuild: true
    dev: false
    optional: true

  /@esbuild/linux-mips64el/0.19.11:
    resolution: {integrity: sha1-OO7PHLuMNqYWJh3oWLPBDQNBmvk=, tarball: '@esbuild/linux-mips64el/download/@esbuild/linux-mips64el-0.19.11.tgz'}
    engines: {node: '>=12'}
    cpu: [mips64el]
    os: [linux]
    requiresBuild: true
    dev: false
    optional: true

  /@esbuild/linux-ppc64/0.17.19:
    resolution: {integrity: sha1-h2WQ46y9n6f1eix9hvg3F9u6yMc=, tarball: '@esbuild/linux-ppc64/download/@esbuild/linux-ppc64-0.17.19.tgz'}
    engines: {node: '>=12'}
    cpu: [ppc64]
    os: [linux]
    requiresBuild: true
    dev: false
    optional: true

  /@esbuild/linux-ppc64/0.19.11:
    resolution: {integrity: sha1-nFclqU5uwVuTGV5aavuCFiiv2RI=, tarball: '@esbuild/linux-ppc64/download/@esbuild/linux-ppc64-0.19.11.tgz'}
    engines: {node: '>=12'}
    cpu: [ppc64]
    os: [linux]
    requiresBuild: true
    dev: false
    optional: true

  /@esbuild/linux-riscv64/0.17.19:
    resolution: {integrity: sha1-f0k3PfRjzZ9B3DT5siYtdxaIvwk=, tarball: '@esbuild/linux-riscv64/download/@esbuild/linux-riscv64-0.17.19.tgz'}
    engines: {node: '>=12'}
    cpu: [riscv64]
    os: [linux]
    requiresBuild: true
    dev: false
    optional: true

  /@esbuild/linux-riscv64/0.19.11:
    resolution: {integrity: sha1-LcRIbUdKKmK75YcFIqmmAOKsuRY=, tarball: '@esbuild/linux-riscv64/download/@esbuild/linux-riscv64-0.19.11.tgz'}
    engines: {node: '>=12'}
    cpu: [riscv64]
    os: [linux]
    requiresBuild: true
    dev: false
    optional: true

  /@esbuild/linux-s390x/0.17.19:
    resolution: {integrity: sha1-4q/Rr8r2Ov4sfZzqzSjsV8d/iCk=, tarball: '@esbuild/linux-s390x/download/@esbuild/linux-s390x-0.17.19.tgz'}
    engines: {node: '>=12'}
    cpu: [s390x]
    os: [linux]
    requiresBuild: true
    dev: false
    optional: true

  /@esbuild/linux-s390x/0.19.11:
    resolution: {integrity: sha1-SthWffSPfdTHHsWxdTtvN1YaZag=, tarball: '@esbuild/linux-s390x/download/@esbuild/linux-s390x-0.19.11.tgz'}
    engines: {node: '>=12'}
    cpu: [s390x]
    os: [linux]
    requiresBuild: true
    dev: false
    optional: true

  /@esbuild/linux-x64/0.17.19:
    resolution: {integrity: sha1-ig6XOLFjXwxTOJ5RWug4Jt7CKqQ=, tarball: '@esbuild/linux-x64/download/@esbuild/linux-x64-0.17.19.tgz'}
    engines: {node: '>=12'}
    cpu: [x64]
    os: [linux]
    requiresBuild: true
    dev: false
    optional: true

  /@esbuild/linux-x64/0.19.11:
    resolution: {integrity: sha1-tzkMTVGE8gPr592u3wc9+Cplh2Y=, tarball: '@esbuild/linux-x64/download/@esbuild/linux-x64-0.19.11.tgz'}
    engines: {node: '>=12'}
    cpu: [x64]
    os: [linux]
    requiresBuild: true
    dev: false
    optional: true

  /@esbuild/netbsd-x64/0.17.19:
    resolution: {integrity: sha1-wp+yRTxrfd75o14sGLN72hrlxGI=, tarball: '@esbuild/netbsd-x64/download/@esbuild/netbsd-x64-0.17.19.tgz'}
    engines: {node: '>=12'}
    cpu: [x64]
    os: [netbsd]
    requiresBuild: true
    dev: false
    optional: true

  /@esbuild/netbsd-x64/0.19.11:
    resolution: {integrity: sha1-1jPAlJKhchN387zO2y2CG5EegT0=, tarball: '@esbuild/netbsd-x64/download/@esbuild/netbsd-x64-0.19.11.tgz'}
    engines: {node: '>=12'}
    cpu: [x64]
    os: [netbsd]
    requiresBuild: true
    dev: false
    optional: true

  /@esbuild/openbsd-x64/0.17.19:
    resolution: {integrity: sha1-ledaORQDyxApcoDVJNZs4EySBpE=, tarball: '@esbuild/openbsd-x64/download/@esbuild/openbsd-x64-0.17.19.tgz'}
    engines: {node: '>=12'}
    cpu: [x64]
    os: [openbsd]
    requiresBuild: true
    dev: false
    optional: true

  /@esbuild/openbsd-x64/0.19.11:
    resolution: {integrity: sha1-FziMduLwESW/gxpowDp//Mtl0aI=, tarball: '@esbuild/openbsd-x64/download/@esbuild/openbsd-x64-0.19.11.tgz'}
    engines: {node: '>=12'}
    cpu: [x64]
    os: [openbsd]
    requiresBuild: true
    dev: false
    optional: true

  /@esbuild/sunos-x64/0.17.19:
    resolution: {integrity: sha1-ci6vBXuDwldZN9P/5a6xZUDacnM=, tarball: '@esbuild/sunos-x64/download/@esbuild/sunos-x64-0.17.19.tgz'}
    engines: {node: '>=12'}
    cpu: [x64]
    os: [sunos]
    requiresBuild: true
    dev: false
    optional: true

  /@esbuild/sunos-x64/0.19.11:
    resolution: {integrity: sha1-4yBjbwC7n0/fOoDlSMt0M3DUF2c=, tarball: '@esbuild/sunos-x64/download/@esbuild/sunos-x64-0.19.11.tgz'}
    engines: {node: '>=12'}
    cpu: [x64]
    os: [sunos]
    requiresBuild: true
    dev: false
    optional: true

  /@esbuild/win32-arm64/0.17.19:
    resolution: {integrity: sha1-mqncB0OZKIvc3Sg0Q+mutrlVK28=, tarball: '@esbuild/win32-arm64/download/@esbuild/win32-arm64-0.17.19.tgz'}
    engines: {node: '>=12'}
    cpu: [arm64]
    os: [win32]
    requiresBuild: true
    dev: false
    optional: true

  /@esbuild/win32-arm64/0.19.11:
    resolution: {integrity: sha1-x3i0WklukLb8Nz4qK7By8UQf4O4=, tarball: '@esbuild/win32-arm64/download/@esbuild/win32-arm64-0.19.11.tgz'}
    engines: {node: '>=12'}
    cpu: [arm64]
    os: [win32]
    requiresBuild: true
    dev: false
    optional: true

  /@esbuild/win32-ia32/0.17.19:
    resolution: {integrity: sha1-la1DxirWJIXiEPYpnHslceSNKwM=, tarball: '@esbuild/win32-ia32/download/@esbuild/win32-ia32-0.17.19.tgz'}
    engines: {node: '>=12'}
    cpu: [ia32]
    os: [win32]
    requiresBuild: true
    dev: false
    optional: true

  /@esbuild/win32-ia32/0.19.11:
    resolution: {integrity: sha1-SBpl/uLlzOdOxEgj5rCeztzFGUw=, tarball: '@esbuild/win32-ia32/download/@esbuild/win32-ia32-0.19.11.tgz'}
    engines: {node: '>=12'}
    cpu: [ia32]
    os: [win32]
    requiresBuild: true
    dev: false
    optional: true

  /@esbuild/win32-x64/0.17.19:
    resolution: {integrity: sha1-jPry/2A+mqu5EOnAVYwmzzJ0QGE=, tarball: '@esbuild/win32-x64/download/@esbuild/win32-x64-0.17.19.tgz'}
    engines: {node: '>=12'}
    cpu: [x64]
    os: [win32]
    requiresBuild: true
    dev: false
    optional: true

  /@esbuild/win32-x64/0.19.11:
    resolution: {integrity: sha1-pdMAAIlguzlnfEa/FvU+xw2N7gQ=, tarball: '@esbuild/win32-x64/download/@esbuild/win32-x64-0.19.11.tgz'}
    engines: {node: '>=12'}
    cpu: [x64]
    os: [win32]
    requiresBuild: true
    dev: false
    optional: true

  /@isaacs/cliui/8.0.2:
    resolution: {integrity: sha1-s3Znt7wYHBaHgiWbq0JHT79StVA=, tarball: '@isaacs/cliui/download/@isaacs/cliui-8.0.2.tgz'}
    engines: {node: '>=12'}
    dependencies:
      string-width: 5.1.2
      string-width-cjs: /string-width/4.2.3
      strip-ansi: 7.1.0
      strip-ansi-cjs: /strip-ansi/6.0.1
      wrap-ansi: 8.1.0
      wrap-ansi-cjs: /wrap-ansi/7.0.0
    dev: false

  /@jridgewell/gen-mapping/0.3.3:
    resolution: {integrity: sha1-fgLm6135AartsIUUIDsJZhQCQJg=, tarball: '@jridgewell/gen-mapping/download/@jridgewell/gen-mapping-0.3.3.tgz'}
    engines: {node: '>=6.0.0'}
    dependencies:
      '@jridgewell/set-array': 1.1.2
      '@jridgewell/sourcemap-codec': 1.4.15
      '@jridgewell/trace-mapping': 0.3.21
    dev: false

  /@jridgewell/resolve-uri/3.1.1:
    resolution: {integrity: sha1-wIZ5Bj8nlhWjMmWDujqQ0dgsxyE=, tarball: '@jridgewell/resolve-uri/download/@jridgewell/resolve-uri-3.1.1.tgz'}
    engines: {node: '>=6.0.0'}
    dev: false

  /@jridgewell/set-array/1.1.2:
    resolution: {integrity: sha1-fGz5mNbSC5FMClWpGuko/yWWXnI=, tarball: '@jridgewell/set-array/download/@jridgewell/set-array-1.1.2.tgz'}
    engines: {node: '>=6.0.0'}
    dev: false

  /@jridgewell/sourcemap-codec/1.4.15:
    resolution: {integrity: sha1-18bmdVx4VnqVHgSrUu8P0m3lnzI=, tarball: '@jridgewell/sourcemap-codec/download/@jridgewell/sourcemap-codec-1.4.15.tgz'}
    dev: false

  /@jridgewell/trace-mapping/0.3.21:
    resolution: {integrity: sha1-XcHfez3EpiCeUDqSThylYJeiuxU=, tarball: '@jridgewell/trace-mapping/download/@jridgewell/trace-mapping-0.3.21.tgz'}
    dependencies:
      '@jridgewell/resolve-uri': 3.1.1
      '@jridgewell/sourcemap-codec': 1.4.15
    dev: false

  /@nodelib/fs.scandir/2.1.5:
    resolution: {integrity: sha1-dhnC6yGyVIP20WdUi0z9WnSIw9U=, tarball: '@nodelib/fs.scandir/download/@nodelib/fs.scandir-2.1.5.tgz'}
    engines: {node: '>= 8'}
    dependencies:
      '@nodelib/fs.stat': 2.0.5
      run-parallel: 1.2.0
    dev: false

  /@nodelib/fs.stat/2.0.5:
    resolution: {integrity: sha1-W9Jir5Tp0lvR5xsF3u1Eh2oiLos=, tarball: '@nodelib/fs.stat/download/@nodelib/fs.stat-2.0.5.tgz'}
    engines: {node: '>= 8'}
    dev: false

  /@nodelib/fs.walk/1.2.8:
    resolution: {integrity: sha1-6Vc36LtnRt3t9pxVaVNJTxlv5po=, tarball: '@nodelib/fs.walk/download/@nodelib/fs.walk-1.2.8.tgz'}
    engines: {node: '>= 8'}
    dependencies:
      '@nodelib/fs.scandir': 2.1.5
      fastq: 1.15.0
    dev: false

  /@pkgjs/parseargs/0.11.0:
    resolution: {integrity: sha1-p36nQvqyV3UUVDTrHSMoz1ATrDM=, tarball: '@pkgjs/parseargs/download/@pkgjs/parseargs-0.11.0.tgz'}
    engines: {node: '>=14'}
    requiresBuild: true
    dev: false
    optional: true

  /@types/estree/1.0.5:
    resolution: {integrity: sha1-ps4+VW4A/ZiV3Yct0XKtDUvWh/Q=, tarball: '@types/estree/download/@types/estree-1.0.5.tgz'}
    dev: false

  /ansi-regex/5.0.1:
    resolution: {integrity: sha1-CCyyyJyf6GWaMRpTvWpNxTAdswQ=, tarball: ansi-regex/download/ansi-regex-5.0.1.tgz}
    engines: {node: '>=8'}
    dev: false

  /ansi-regex/6.0.1:
    resolution: {integrity: sha1-MYPjj66aZdfLXlOUXNWJfQJgoGo=, tarball: ansi-regex/download/ansi-regex-6.0.1.tgz}
    engines: {node: '>=12'}
    dev: false

  /ansi-styles/4.3.0:
    resolution: {integrity: sha1-7dgDYornHATIWuegkG7a00tkiTc=, tarball: ansi-styles/download/ansi-styles-4.3.0.tgz}
    engines: {node: '>=8'}
    dependencies:
      color-convert: 2.0.1
    dev: false

  /ansi-styles/6.2.1:
    resolution: {integrity: sha1-DmIyDPmcIa//OzASGSVGqsv7BcU=, tarball: ansi-styles/download/ansi-styles-6.2.1.tgz}
    engines: {node: '>=12'}
    dev: false

  /any-promise/1.3.0:
    resolution: {integrity: sha1-q8av7tzqUugJzcA3au0845Y10X8=, tarball: any-promise/download/any-promise-1.3.0.tgz}
    dev: false

  /anymatch/3.1.3:
    resolution: {integrity: sha1-eQxYsZuhcgqEIFtXxhjVrYUklz4=, tarball: anymatch/download/anymatch-3.1.3.tgz}
    engines: {node: '>= 8'}
    dependencies:
      normalize-path: 3.0.0
      picomatch: 2.3.1
    dev: false

  /array-union/2.1.0:
    resolution: {integrity: sha1-t5hCCtvrHego2ErNii4j0+/oXo0=, tarball: array-union/download/array-union-2.1.0.tgz}
    engines: {node: '>=8'}
    dev: false

  /balanced-match/1.0.2:
    resolution: {integrity: sha1-6D46fj8wCzTLnYf2FfoMvzV2kO4=, tarball: balanced-match/download/balanced-match-1.0.2.tgz}
    dev: false

  /binary-extensions/2.2.0:
    resolution: {integrity: sha1-dfUC7q+f/eQvyYgpZFvk6na9ni0=, tarball: binary-extensions/download/binary-extensions-2.2.0.tgz}
    engines: {node: '>=8'}
    dev: false

  /brace-expansion/2.0.1:
    resolution: {integrity: sha1-HtxFng8MVISG7Pn8mfIiE2S5oK4=, tarball: brace-expansion/download/brace-expansion-2.0.1.tgz}
    dependencies:
      balanced-match: 1.0.2
    dev: false

  /braces/3.0.2:
    resolution: {integrity: sha1-NFThpGLujVmeI23zNs2epPiv4Qc=, tarball: braces/download/braces-3.0.2.tgz}
    engines: {node: '>=8'}
    dependencies:
      fill-range: 7.0.1
    dev: false

  /bundle-require/4.0.2_esbuild@0.17.19:
    resolution: {integrity: sha1-Zfx0/xTqu7o20myaYWG9eP/2sp4=, tarball: bundle-require/download/bundle-require-4.0.2.tgz}
    engines: {node: ^12.20.0 || ^14.13.1 || >=16.0.0}
    peerDependencies:
      esbuild: '>=0.17'
    dependencies:
      esbuild: 0.17.19
      load-tsconfig: 0.2.5
    dev: false

  /cac/6.7.14:
    resolution: {integrity: sha1-gE4eb1Bu42PLDjzLsJytXdmHCVk=, tarball: cac/download/cac-6.7.14.tgz}
    engines: {node: '>=8'}
    dev: false

  /chokidar/3.5.3:
    resolution: {integrity: sha1-HPN8hwe5Mr0a8a4iwEMuKs0ZA70=, tarball: chokidar/download/chokidar-3.5.3.tgz}
    engines: {node: '>= 8.10.0'}
    dependencies:
      anymatch: 3.1.3
      braces: 3.0.2
      glob-parent: 5.1.2
      is-binary-path: 2.1.0
      is-glob: 4.0.3
      normalize-path: 3.0.0
      readdirp: 3.6.0
    optionalDependencies:
      fsevents: 2.3.3
    dev: false

  /color-convert/2.0.1:
    resolution: {integrity: sha1-ctOmjVmMm9s68q0ehPIdiWq9TeM=, tarball: color-convert/download/color-convert-2.0.1.tgz}
    engines: {node: '>=7.0.0'}
    dependencies:
      color-name: 1.1.4
    dev: false

  /color-name/1.1.4:
    resolution: {integrity: sha1-wqCah6y95pVD3m9j+jmVyCbFNqI=, tarball: color-name/download/color-name-1.1.4.tgz}
    dev: false

  /commander/4.1.1:
    resolution: {integrity: sha1-n9YCvZNilOnp70aj9NaWQESxgGg=, tarball: commander/download/commander-4.1.1.tgz}
    engines: {node: '>= 6'}
    dev: false

  /cross-spawn/7.0.3:
    resolution: {integrity: sha1-9zqFudXUHQRVUcF34ogtSshXKKY=, tarball: cross-spawn/download/cross-spawn-7.0.3.tgz}
    engines: {node: '>= 8'}
    dependencies:
      path-key: 3.1.1
      shebang-command: 2.0.0
      which: 2.0.2
    dev: false

  /debug/4.3.4:
    resolution: {integrity: sha1-Exn2V5NX8jONMzfSzdSRS7XcyGU=, tarball: debug/download/debug-4.3.4.tgz}
    engines: {node: '>=6.0'}
    peerDependencies:
      supports-color: '*'
    peerDependenciesMeta:
      supports-color:
        optional: true
    dependencies:
      ms: 2.1.2
    dev: false

  /dir-glob/3.0.1:
    resolution: {integrity: sha1-Vtv3PZkqSpO6FYT0U0Bj/S5BcX8=, tarball: dir-glob/download/dir-glob-3.0.1.tgz}
    engines: {node: '>=8'}
    dependencies:
      path-type: 4.0.0
    dev: false

  /eastasianwidth/0.2.0:
    resolution: {integrity: sha1-aWzi7Aqg5uqTo5f/zySqeEDIJ8s=, tarball: eastasianwidth/download/eastasianwidth-0.2.0.tgz}
    dev: false

  /emoji-regex/8.0.0:
    resolution: {integrity: sha1-6Bj9ac5cz8tARZT4QpY79TFkzDc=, tarball: emoji-regex/download/emoji-regex-8.0.0.tgz}
    dev: false

  /emoji-regex/9.2.2:
    resolution: {integrity: sha1-hAyIA7DYBH9P8M+WMXazLU7z7XI=, tarball: emoji-regex/download/emoji-regex-9.2.2.tgz}
    dev: false

  /esbuild/0.17.19:
    resolution: {integrity: sha1-CHpyfpgpnwRio9C83ZzX/xAL2VU=, tarball: esbuild/download/esbuild-0.17.19.tgz}
    engines: {node: '>=12'}
    hasBin: true
    requiresBuild: true
    optionalDependencies:
      '@esbuild/android-arm': 0.17.19
      '@esbuild/android-arm64': 0.17.19
      '@esbuild/android-x64': 0.17.19
      '@esbuild/darwin-arm64': 0.17.19
      '@esbuild/darwin-x64': 0.17.19
      '@esbuild/freebsd-arm64': 0.17.19
      '@esbuild/freebsd-x64': 0.17.19
      '@esbuild/linux-arm': 0.17.19
      '@esbuild/linux-arm64': 0.17.19
      '@esbuild/linux-ia32': 0.17.19
      '@esbuild/linux-loong64': 0.17.19
      '@esbuild/linux-mips64el': 0.17.19
      '@esbuild/linux-ppc64': 0.17.19
      '@esbuild/linux-riscv64': 0.17.19
      '@esbuild/linux-s390x': 0.17.19
      '@esbuild/linux-x64': 0.17.19
      '@esbuild/netbsd-x64': 0.17.19
      '@esbuild/openbsd-x64': 0.17.19
      '@esbuild/sunos-x64': 0.17.19
      '@esbuild/win32-arm64': 0.17.19
      '@esbuild/win32-ia32': 0.17.19
      '@esbuild/win32-x64': 0.17.19
    dev: false

  /esbuild/0.19.11:
    resolution: {integrity: sha1-SgLcoDHnaLVVZgbhtGj+cuMyXZY=, tarball: esbuild/download/esbuild-0.19.11.tgz}
    engines: {node: '>=12'}
    hasBin: true
    requiresBuild: true
    optionalDependencies:
      '@esbuild/aix-ppc64': 0.19.11
      '@esbuild/android-arm': 0.19.11
      '@esbuild/android-arm64': 0.19.11
      '@esbuild/android-x64': 0.19.11
      '@esbuild/darwin-arm64': 0.19.11
      '@esbuild/darwin-x64': 0.19.11
      '@esbuild/freebsd-arm64': 0.19.11
      '@esbuild/freebsd-x64': 0.19.11
      '@esbuild/linux-arm': 0.19.11
      '@esbuild/linux-arm64': 0.19.11
      '@esbuild/linux-ia32': 0.19.11
      '@esbuild/linux-loong64': 0.19.11
      '@esbuild/linux-mips64el': 0.19.11
      '@esbuild/linux-ppc64': 0.19.11
      '@esbuild/linux-riscv64': 0.19.11
      '@esbuild/linux-s390x': 0.19.11
      '@esbuild/linux-x64': 0.19.11
      '@esbuild/netbsd-x64': 0.19.11
      '@esbuild/openbsd-x64': 0.19.11
      '@esbuild/sunos-x64': 0.19.11
      '@esbuild/win32-arm64': 0.19.11
      '@esbuild/win32-ia32': 0.19.11
      '@esbuild/win32-x64': 0.19.11
    dev: false

  /execa/5.1.1:
    resolution: {integrity: sha1-+ArZy/Qpj3vR1MlVXCHpN0HEEd0=, tarball: execa/download/execa-5.1.1.tgz}
    engines: {node: '>=10'}
    dependencies:
      cross-spawn: 7.0.3
      get-stream: 6.0.1
      human-signals: 2.1.0
      is-stream: 2.0.1
      merge-stream: 2.0.0
      npm-run-path: 4.0.1
      onetime: 5.1.2
      signal-exit: 3.0.7
      strip-final-newline: 2.0.0
    dev: false

  /fast-glob/3.3.2:
    resolution: {integrity: sha1-qQRQHlfP3S/83tRemaVP71XkYSk=, tarball: fast-glob/download/fast-glob-3.3.2.tgz}
    engines: {node: '>=8.6.0'}
    dependencies:
      '@nodelib/fs.stat': 2.0.5
      '@nodelib/fs.walk': 1.2.8
      glob-parent: 5.1.2
      merge2: 1.4.1
      micromatch: 4.0.5
    dev: false

  /fastq/1.15.0:
    resolution: {integrity: sha1-0E0HxqKmj+RZn+qNLhA6k3+uazo=, tarball: fastq/download/fastq-1.15.0.tgz}
    dependencies:
      reusify: 1.0.4
    dev: false

  /fill-range/7.0.1:
    resolution: {integrity: sha1-GRmmp8df44ssfHflGYU12prN2kA=, tarball: fill-range/download/fill-range-7.0.1.tgz}
    engines: {node: '>=8'}
    dependencies:
      to-regex-range: 5.0.1
    dev: false

  /foreground-child/3.1.1:
    resolution: {integrity: sha1-HRc+d2110ncv7Qjv5KDeHqGxLQ0=, tarball: foreground-child/download/foreground-child-3.1.1.tgz}
    engines: {node: '>=14'}
    dependencies:
      cross-spawn: 7.0.3
      signal-exit: 4.1.0
    dev: false

  /fsevents/2.3.3:
    resolution: {integrity: sha1-ysZAd4XQNnWipeGlMFxpezR9kNY=, tarball: fsevents/download/fsevents-2.3.3.tgz}
    engines: {node: ^8.16.0 || ^10.6.0 || >=11.0.0}
    os: [darwin]
    requiresBuild: true
    dev: false
    optional: true

  /get-stream/6.0.1:
    resolution: {integrity: sha1-omLY7vZ6ztV8KFKtYWdSakPL97c=, tarball: get-stream/download/get-stream-6.0.1.tgz}
    engines: {node: '>=10'}
    dev: false

  /glob-parent/5.1.2:
    resolution: {integrity: sha1-hpgyxYA0/mikCTwX3BXoNA2EAcQ=, tarball: glob-parent/download/glob-parent-5.1.2.tgz}
    engines: {node: '>= 6'}
    dependencies:
      is-glob: 4.0.3
    dev: false

  /glob/10.3.10:
    resolution: {integrity: sha1-A1HruAn9GH/kIauWr4PTpwcV30s=, tarball: glob/download/glob-10.3.10.tgz}
    engines: {node: '>=16 || 14 >=14.17'}
    hasBin: true
    dependencies:
      foreground-child: 3.1.1
      jackspeak: 2.3.6
      minimatch: 9.0.3
      minipass: 7.0.4
      path-scurry: 1.10.1
    dev: false

  /globby/11.1.0:
    resolution: {integrity: sha1-vUvpi7BC+D15b344EZkfvoKg00s=, tarball: globby/download/globby-11.1.0.tgz}
    engines: {node: '>=10'}
    dependencies:
      array-union: 2.1.0
      dir-glob: 3.0.1
      fast-glob: 3.3.2
      ignore: 5.3.0
      merge2: 1.4.1
      slash: 3.0.0
    dev: false

  /human-signals/2.1.0:
    resolution: {integrity: sha1-3JH8ukLk0G5Kuu0zs+ejwC9RTqA=, tarball: human-signals/download/human-signals-2.1.0.tgz}
    engines: {node: '>=10.17.0'}
    dev: false

  /ignore/5.3.0:
    resolution: {integrity: sha1-Z0GK5A001pmclf9WAWdZxxjIL3g=, tarball: ignore/download/ignore-5.3.0.tgz}
    engines: {node: '>= 4'}
    dev: false

  /is-binary-path/2.1.0:
    resolution: {integrity: sha1-6h9/O4DwZCNug0cPhsCcJU+0Wwk=, tarball: is-binary-path/download/is-binary-path-2.1.0.tgz}
    engines: {node: '>=8'}
    dependencies:
      binary-extensions: 2.2.0
    dev: false

  /is-extglob/2.1.1:
    resolution: {integrity: sha1-qIwCU1eR8C7TfHahueqXc8gz+MI=, tarball: is-extglob/download/is-extglob-2.1.1.tgz}
    engines: {node: '>=0.10.0'}
    dev: false

  /is-fullwidth-code-point/3.0.0:
    resolution: {integrity: sha1-8Rb4Bk/pCz94RKOJl8C3UFEmnx0=, tarball: is-fullwidth-code-point/download/is-fullwidth-code-point-3.0.0.tgz}
    engines: {node: '>=8'}
    dev: false

  /is-glob/4.0.3:
    resolution: {integrity: sha1-ZPYeQsu7LuwgcanawLKLoeZdUIQ=, tarball: is-glob/download/is-glob-4.0.3.tgz}
    engines: {node: '>=0.10.0'}
    dependencies:
      is-extglob: 2.1.1
    dev: false

  /is-number/7.0.0:
    resolution: {integrity: sha1-dTU0W4lnNNX4DE0GxQlVUnoU8Ss=, tarball: is-number/download/is-number-7.0.0.tgz}
    engines: {node: '>=0.12.0'}
    dev: false

  /is-stream/2.0.1:
    resolution: {integrity: sha1-+sHj1TuXrVqdCunO8jifWBClwHc=, tarball: is-stream/download/is-stream-2.0.1.tgz}
    engines: {node: '>=8'}
    dev: false

  /isexe/2.0.0:
    resolution: {integrity: sha1-6PvzdNxVb/iUehDcsFctYz8s+hA=, tarball: isexe/download/isexe-2.0.0.tgz}
    dev: false

  /jackspeak/2.3.6:
    resolution: {integrity: sha1-ZH7MRyI4ruSwasDkYazCGoxQXKg=, tarball: jackspeak/download/jackspeak-2.3.6.tgz}
    engines: {node: '>=14'}
    dependencies:
      '@isaacs/cliui': 8.0.2
    optionalDependencies:
      '@pkgjs/parseargs': 0.11.0
    dev: false

  /joycon/3.1.1:
    resolution: {integrity: sha1-vOhZbWroCPi2gWj1/GkoCZaJTwM=, tarball: joycon/download/joycon-3.1.1.tgz}
    engines: {node: '>=10'}
    dev: false

  /lilconfig/2.1.0:
    resolution: {integrity: sha1-eOI6yJ67fhv78lsYBD3nVlSOf1I=, tarball: lilconfig/download/lilconfig-2.1.0.tgz}
    engines: {node: '>=10'}
    dev: false

  /lines-and-columns/1.2.4:
    resolution: {integrity: sha1-7KKE910pZQeTCdwK2SVauy68FjI=, tarball: lines-and-columns/download/lines-and-columns-1.2.4.tgz}
    dev: false

  /load-tsconfig/0.2.5:
    resolution: {integrity: sha1-RTuM2JYb+5Et6nfrbBaP6Myj06E=, tarball: load-tsconfig/download/load-tsconfig-0.2.5.tgz}
    engines: {node: ^12.20.0 || ^14.13.1 || >=16.0.0}
    dev: false

  /lodash.sortby/4.7.0:
    resolution: {integrity: sha1-7dFMgk4sycHgsKG0K7UhBRakJDg=, tarball: lodash.sortby/download/lodash.sortby-4.7.0.tgz}
    dev: false

  /lru-cache/10.1.0:
    resolution: {integrity: sha1-IJjUHC3FZQDmyIWEqmVshN59BIQ=, tarball: lru-cache/download/lru-cache-10.1.0.tgz}
    engines: {node: 14 || >=16.14}
    dev: false

  /merge-stream/2.0.0:
    resolution: {integrity: sha1-UoI2KaFN0AyXcPtq1H3GMQ8sH2A=, tarball: merge-stream/download/merge-stream-2.0.0.tgz}
    dev: false

  /merge2/1.4.1:
    resolution: {integrity: sha1-Q2iJL4hekHRVpv19xVwMnUBJkK4=, tarball: merge2/download/merge2-1.4.1.tgz}
    engines: {node: '>= 8'}
    dev: false

  /micromatch/4.0.5:
    resolution: {integrity: sha1-vImZp8u/d83InxMvbkZwUbSQkMY=, tarball: micromatch/download/micromatch-4.0.5.tgz}
    engines: {node: '>=8.6'}
    dependencies:
      braces: 3.0.2
      picomatch: 2.3.1
    dev: false

  /mimic-fn/2.1.0:
    resolution: {integrity: sha1-ftLCzMyvhNP/y3pptXcR/CCDQBs=, tarball: mimic-fn/download/mimic-fn-2.1.0.tgz}
    engines: {node: '>=6'}
    dev: false

  /minimatch/9.0.3:
    resolution: {integrity: sha1-puAMPeRMOlQr+q5wq/wiQgptqCU=, tarball: minimatch/download/minimatch-9.0.3.tgz}
    engines: {node: '>=16 || 14 >=14.17'}
    dependencies:
      brace-expansion: 2.0.1
    dev: false

  /minipass/7.0.4:
    resolution: {integrity: sha1-284DdA9QpHhrqZTB+5CIRNJ7A4w=, tarball: minipass/download/minipass-7.0.4.tgz}
    engines: {node: '>=16 || 14 >=14.17'}
    dev: false

  /ms/2.1.2:
    resolution: {integrity: sha1-0J0fNXtEP0kzgqjrPM0YOHKuYAk=, tarball: ms/download/ms-2.1.2.tgz}
    dev: false

  /mz/2.7.0:
    resolution: {integrity: sha1-lQCAV6Vsr63CvGPd5/n/aVWUjjI=, tarball: mz/download/mz-2.7.0.tgz}
    dependencies:
      any-promise: 1.3.0
      object-assign: 4.1.1
      thenify-all: 1.6.0
    dev: false

  /nanoid/3.3.7:
    resolution: {integrity: sha1-0MMBppG8jVTvoKIibM8/4v1la9g=, tarball: nanoid/download/nanoid-3.3.7.tgz}
    engines: {node: ^10 || ^12 || ^13.7 || ^14 || >=15.0.1}
    hasBin: true
    dev: false

  /normalize-path/3.0.0:
    resolution: {integrity: sha1-Dc1p/yOhybEf0JeDFmRKA4ghamU=, tarball: normalize-path/download/normalize-path-3.0.0.tgz}
    engines: {node: '>=0.10.0'}
    dev: false

  /npm-run-path/4.0.1:
    resolution: {integrity: sha1-t+zR5e1T2o43pV4cImnguX7XSOo=, tarball: npm-run-path/download/npm-run-path-4.0.1.tgz}
    engines: {node: '>=8'}
    dependencies:
      path-key: 3.1.1
    dev: false

  /object-assign/4.1.1:
    resolution: {integrity: sha1-IQmtx5ZYh8/AXLvUQsrIv7s2CGM=, tarball: object-assign/download/object-assign-4.1.1.tgz}
    engines: {node: '>=0.10.0'}
    dev: false

  /onetime/5.1.2:
    resolution: {integrity: sha1-0Oluu1awdHbfHdnEgG5SN5hcpF4=, tarball: onetime/download/onetime-5.1.2.tgz}
    engines: {node: '>=6'}
    dependencies:
      mimic-fn: 2.1.0
    dev: false

  /path-key/3.1.1:
    resolution: {integrity: sha1-WB9q3mWMu6ZaDTOA3ndTKVBU83U=, tarball: path-key/download/path-key-3.1.1.tgz}
    engines: {node: '>=8'}
    dev: false

  /path-scurry/1.10.1:
    resolution: {integrity: sha1-m6a/WqhQD+n9Z99PDZSDsrC/xpg=, tarball: path-scurry/download/path-scurry-1.10.1.tgz}
    engines: {node: '>=16 || 14 >=14.17'}
    dependencies:
      lru-cache: 10.1.0
      minipass: 7.0.4
    dev: false

  /path-type/4.0.0:
    resolution: {integrity: sha1-hO0BwKe6OAr+CdkKjBgNzZ0DBDs=, tarball: path-type/download/path-type-4.0.0.tgz}
    engines: {node: '>=8'}
    dev: false

  /picocolors/1.0.0:
    resolution: {integrity: sha1-y1vcdP8/UYkiNur3nWi8RFZKuBw=, tarball: picocolors/download/picocolors-1.0.0.tgz}
    dev: false

  /picomatch/2.3.1:
    resolution: {integrity: sha1-O6ODNzNkbZ0+SZWUbBNlpn+wekI=, tarball: picomatch/download/picomatch-2.3.1.tgz}
    engines: {node: '>=8.6'}
    dev: false

  /pirates/4.0.6:
    resolution: {integrity: sha1-MBiuMuz8/2wpuiJny/IRZqwfNrk=, tarball: pirates/download/pirates-4.0.6.tgz}
    engines: {node: '>= 6'}
    dev: false

  /postcss-load-config/3.1.4:
    resolution: {integrity: sha1-GrJXH6+EuweId+HQeQXqvp69qFU=, tarball: postcss-load-config/download/postcss-load-config-3.1.4.tgz}
    engines: {node: '>= 10'}
    peerDependencies:
      postcss: '>=8.0.9'
      ts-node: '>=9.0.0'
    peerDependenciesMeta:
      postcss:
        optional: true
      ts-node:
        optional: true
    dependencies:
      lilconfig: 2.1.0
      yaml: 1.10.2
    dev: false

  /postcss/8.4.33:
    resolution: {integrity: sha1-E3joWcn2m/b2OLmQoCEvQ+Kqp0I=, tarball: postcss/download/postcss-8.4.33.tgz}
    engines: {node: ^10 || ^12 || >=14}
    dependencies:
      nanoid: 3.3.7
      picocolors: 1.0.0
      source-map-js: 1.0.2
    dev: false

  /punycode/2.3.1:
    resolution: {integrity: sha1-AnQi4vrsCyXhVJw+G9gwm5EztuU=, tarball: punycode/download/punycode-2.3.1.tgz}
    engines: {node: '>=6'}
    dev: false

  /queue-microtask/1.2.3:
    resolution: {integrity: sha1-SSkii7xyTfrEPg77BYyve2z7YkM=, tarball: queue-microtask/download/queue-microtask-1.2.3.tgz}
    dev: false

  /readdirp/3.6.0:
    resolution: {integrity: sha1-dKNwvYVxFuJFspzJc0DNQxoCpsc=, tarball: readdirp/download/readdirp-3.6.0.tgz}
    engines: {node: '>=8.10.0'}
    dependencies:
      picomatch: 2.3.1
    dev: false

  /resolve-from/5.0.0:
    resolution: {integrity: sha1-w1IlhD3493bfIcV1V7wIfp39/Gk=, tarball: resolve-from/download/resolve-from-5.0.0.tgz}
    engines: {node: '>=8'}
    dev: false

  /reusify/1.0.4:
    resolution: {integrity: sha1-kNo4Kx4SbvwCFG6QhFqI2xKSXXY=, tarball: reusify/download/reusify-1.0.4.tgz}
    engines: {iojs: '>=1.0.0', node: '>=0.10.0'}
    dev: false

  /rollup/3.29.4:
    resolution: {integrity: sha1-TXDA+YNBRt+HBb+2mpoZyeEQmYE=, tarball: rollup/download/rollup-3.29.4.tgz}
    engines: {node: '>=14.18.0', npm: '>=8.0.0'}
    hasBin: true
    optionalDependencies:
      fsevents: 2.3.3
    dev: false

  /rollup/4.9.5:
    resolution: {integrity: sha1-YpmUYskPTItdfDj8cWHmOykQGwU=, tarball: rollup/download/rollup-4.9.5.tgz}
    engines: {node: '>=18.0.0', npm: '>=8.0.0'}
    hasBin: true
    dependencies:
      '@types/estree': 1.0.5
    optionalDependencies:
      fsevents: 2.3.3
    dev: false

  /run-parallel/1.2.0:
    resolution: {integrity: sha1-ZtE2jae9+SHrnZW9GpIp5/IaQ+4=, tarball: run-parallel/download/run-parallel-1.2.0.tgz}
    dependencies:
      queue-microtask: 1.2.3
    dev: false

  /shebang-command/2.0.0:
    resolution: {integrity: sha1-zNCvT4g1+9wmW4JGGq8MNmY/NOo=, tarball: shebang-command/download/shebang-command-2.0.0.tgz}
    engines: {node: '>=8'}
    dependencies:
      shebang-regex: 3.0.0
    dev: false

  /shebang-regex/3.0.0:
    resolution: {integrity: sha1-rhbxZE2HPsrYQ7AwexQzYtTEIXI=, tarball: shebang-regex/download/shebang-regex-3.0.0.tgz}
    engines: {node: '>=8'}
    dev: false

  /signal-exit/3.0.7:
    resolution: {integrity: sha1-qaF2f4r4QVURTqq9c/mSc8j1mtk=, tarball: signal-exit/download/signal-exit-3.0.7.tgz}
    dev: false

  /signal-exit/4.1.0:
    resolution: {integrity: sha1-lSGIwcvVRgcOLdIND0HArgUwywQ=, tarball: signal-exit/download/signal-exit-4.1.0.tgz}
    engines: {node: '>=14'}
    dev: false

  /slash/3.0.0:
    resolution: {integrity: sha1-ZTm+hwwWWtvVJAIg2+Nh8bxNRjQ=, tarball: slash/download/slash-3.0.0.tgz}
    engines: {node: '>=8'}
    dev: false

  /source-map-js/1.0.2:
    resolution: {integrity: sha1-rbw2HZxi3zgBJefxYfccgm8eSQw=, tarball: source-map-js/download/source-map-js-1.0.2.tgz}
    engines: {node: '>=0.10.0'}
    dev: false

  /source-map/0.8.0-beta.0:
    resolution: {integrity: sha1-1MG7QsP37pJfAFknuhBwng0dHxE=, tarball: source-map/download/source-map-0.8.0-beta.0.tgz}
    engines: {node: '>= 8'}
    dependencies:
      whatwg-url: 7.1.0
    dev: false

  /string-width/4.2.3:
    resolution: {integrity: sha1-JpxxF9J7Ba0uU2gwqOyJXvnG0BA=, tarball: string-width/download/string-width-4.2.3.tgz}
    engines: {node: '>=8'}
    dependencies:
      emoji-regex: 8.0.0
      is-fullwidth-code-point: 3.0.0
      strip-ansi: 6.0.1
    dev: false

  /string-width/5.1.2:
    resolution: {integrity: sha1-FPja7G2B5yIdKjV+Zoyrc728p5Q=, tarball: string-width/download/string-width-5.1.2.tgz}
    engines: {node: '>=12'}
    dependencies:
      eastasianwidth: 0.2.0
      emoji-regex: 9.2.2
      strip-ansi: 7.1.0
    dev: false

  /strip-ansi/6.0.1:
    resolution: {integrity: sha1-nibGPTD1NEPpSJSVshBdN7Z6hdk=, tarball: strip-ansi/download/strip-ansi-6.0.1.tgz}
    engines: {node: '>=8'}
    dependencies:
      ansi-regex: 5.0.1
    dev: false

  /strip-ansi/7.1.0:
    resolution: {integrity: sha1-1bZWjKaJ2FYTcLBwdoXSJDT6/0U=, tarball: strip-ansi/download/strip-ansi-7.1.0.tgz}
    engines: {node: '>=12'}
    dependencies:
      ansi-regex: 6.0.1
    dev: false

  /strip-final-newline/2.0.0:
    resolution: {integrity: sha1-ibhS+y/L6Tb29LMYevsKEsGrWK0=, tarball: strip-final-newline/download/strip-final-newline-2.0.0.tgz}
    engines: {node: '>=6'}
    dev: false

  /sucrase/3.35.0:
    resolution: {integrity: sha1-V/F6PX4Zs22JlfBmedEhvpFK4mM=, tarball: sucrase/download/sucrase-3.35.0.tgz}
    engines: {node: '>=16 || 14 >=14.17'}
    hasBin: true
    dependencies:
      '@jridgewell/gen-mapping': 0.3.3
      commander: 4.1.1
      glob: 10.3.10
      lines-and-columns: 1.2.4
      mz: 2.7.0
      pirates: 4.0.6
      ts-interface-checker: 0.1.13
    dev: false

  /thenify-all/1.6.0:
    resolution: {integrity: sha1-GhkY1ALY/D+Y+/I02wvMjMEOlyY=, tarball: thenify-all/download/thenify-all-1.6.0.tgz}
    engines: {node: '>=0.8'}
    dependencies:
      thenify: 3.3.1
    dev: false

  /thenify/3.3.1:
    resolution: {integrity: sha1-iTLmhqQGYDigFt2eLKRq3Zg4qV8=, tarball: thenify/download/thenify-3.3.1.tgz}
    dependencies:
      any-promise: 1.3.0
    dev: false

  /to-regex-range/5.0.1:
    resolution: {integrity: sha1-FkjESq58jZiKMmAY7XL1tN0DkuQ=, tarball: to-regex-range/download/to-regex-range-5.0.1.tgz}
    engines: {node: '>=8.0'}
    dependencies:
      is-number: 7.0.0
    dev: false

  /tr46/1.0.1:
    resolution: {integrity: sha1-qLE/1r/SSJUZZ0zN5VujaTtwbQk=, tarball: tr46/download/tr46-1.0.1.tgz}
    dependencies:
      punycode: 2.3.1
    dev: false

  /tree-kill/1.2.2:
    resolution: {integrity: sha1-TKCakJLIi3OnzcXooBtQeweQoMw=, tarball: tree-kill/download/tree-kill-1.2.2.tgz}
    hasBin: true
    dev: false

  /ts-interface-checker/0.1.13:
    resolution: {integrity: sha1-eE/T1nlyK8EDsbS4AwvN212yppk=, tarball: ts-interface-checker/download/ts-interface-checker-0.1.13.tgz}
    dev: false

  /tsup/6.7.0_typescript@5.3.3:
    resolution: {integrity: sha1-QW81DzKge2roZ5KtflKwyvxWbWQ=, tarball: tsup/download/tsup-6.7.0.tgz}
    engines: {node: '>=14.18'}
    hasBin: true
    peerDependencies:
      '@swc/core': ^1
      postcss: ^8.4.12
      typescript: '>=4.1.0'
    peerDependenciesMeta:
      '@swc/core':
        optional: true
      postcss:
        optional: true
      typescript:
        optional: true
    dependencies:
      bundle-require: 4.0.2_esbuild@0.17.19
      cac: 6.7.14
      chokidar: 3.5.3
      debug: 4.3.4
      esbuild: 0.17.19
      execa: 5.1.1
      globby: 11.1.0
      joycon: 3.1.1
      postcss-load-config: 3.1.4
      resolve-from: 5.0.0
      rollup: 3.29.4
      source-map: 0.8.0-beta.0
      sucrase: 3.35.0
      tree-kill: 1.2.2
      typescript: 5.3.3
    transitivePeerDependencies:
      - supports-color
      - ts-node
    dev: false

  /typescript/5.3.3:
    resolution: {integrity: sha1-s85roljnLmMFumb1ybRSqu4//jc=, tarball: typescript/download/typescript-5.3.3.tgz}
    engines: {node: '>=14.17'}
    hasBin: true
    dev: false

  /vite/5.0.11:
    resolution: {integrity: sha1-MVYuQeAEy2jh1R9dLGQasxOyieQ=, tarball: vite/download/vite-5.0.11.tgz}
    engines: {node: ^18.0.0 || >=20.0.0}
    hasBin: true
    peerDependencies:
      '@types/node': ^18.0.0 || >=20.0.0
      less: '*'
      lightningcss: ^1.21.0
      sass: '*'
      stylus: '*'
      sugarss: '*'
      terser: ^5.4.0
    peerDependenciesMeta:
      '@types/node':
        optional: true
      less:
        optional: true
      lightningcss:
        optional: true
      sass:
        optional: true
      stylus:
        optional: true
      sugarss:
        optional: true
      terser:
        optional: true
    dependencies:
      esbuild: 0.19.11
      postcss: 8.4.33
      rollup: 4.9.5
    optionalDependencies:
      fsevents: 2.3.3
    dev: false

  /webidl-conversions/4.0.2:
    resolution: {integrity: sha1-qFWYCx8LazWbodXZ+zmulB+qY60=, tarball: webidl-conversions/download/webidl-conversions-4.0.2.tgz}
    dev: false

  /whatwg-url/7.1.0:
    resolution: {integrity: sha1-wsSS8eymEpiO/T0iZr4bn8YXDQY=, tarball: whatwg-url/download/whatwg-url-7.1.0.tgz}
    dependencies:
      lodash.sortby: 4.7.0
      tr46: 1.0.1
      webidl-conversions: 4.0.2
    dev: false

  /which/2.0.2:
    resolution: {integrity: sha1-fGqN0KY2oDJ+ELWckobu6T8/UbE=, tarball: which/download/which-2.0.2.tgz}
    engines: {node: '>= 8'}
    hasBin: true
    dependencies:
      isexe: 2.0.0
    dev: false

  /wrap-ansi/7.0.0:
    resolution: {integrity: sha1-Z+FFz/UQpqaYS98RUpEdadLrnkM=, tarball: wrap-ansi/download/wrap-ansi-7.0.0.tgz}
    engines: {node: '>=10'}
    dependencies:
      ansi-styles: 4.3.0
      string-width: 4.2.3
      strip-ansi: 6.0.1
    dev: false

  /wrap-ansi/8.1.0:
    resolution: {integrity: sha1-VtwiNo7lcPrOG0mBmXXZuaXq0hQ=, tarball: wrap-ansi/download/wrap-ansi-8.1.0.tgz}
    engines: {node: '>=12'}
    dependencies:
      ansi-styles: 6.2.1
      string-width: 5.1.2
      strip-ansi: 7.1.0
    dev: false

  /yaml/1.10.2:
    resolution: {integrity: sha1-IwHF/78StGfejaIzOkWeKeeSDks=, tarball: yaml/download/yaml-1.10.2.tgz}
    engines: {node: '>= 6'}
    dev: false
